
Microsoft Visual Studio Solution File, Format Version 10.00
# Visual Studio 2008
Project("{E24C65DC-7377-472B-9ABA-BC803B73C61A}") = "PMS", "..\PMS", "{0A7B84CF-6204-4456-ACF1-FC8B0786BBAF}"
	ProjectSection(WebsiteProperties) = preProject
		SccProjectName = ""$/PMS", BAAAAAAA"
		SccAuxPath = ""
		SccLocalPath = "."
		SccProvider = "MSSCCI:Microsoft Visual SourceSafe"
		TargetFramework = "3.5"
		Debug.AspNetCompiler.VirtualPath = "/PMS"
		Debug.AspNetCompiler.PhysicalPath = "..\PMS\"
		Debug.AspNetCompiler.TargetPath = "PrecompiledWeb\PMS\"
		Debug.AspNetCompiler.Updateable = "true"
		Debug.AspNetCompiler.ForceOverwrite = "true"
		Debug.AspNetCompiler.FixedNames = "false"
		Debug.AspNetCompiler.Debug = "True"
		Release.AspNetCompiler.VirtualPath = "/PMS"
		Release.AspNetCompiler.PhysicalPath = "..\PMS\"
		Release.AspNetCompiler.TargetPath = "PrecompiledWeb\PMS\"
		Release.AspNetCompiler.Updateable = "true"
		Release.AspNetCompiler.ForceOverwrite = "true"
		Release.AspNetCompiler.FixedNames = "false"
		Release.AspNetCompiler.Debug = "False"
		VWDPort = "62055"
	EndProjectSection
EndProject
Global
	GlobalSection(SourceCodeControl) = preSolution
		SccNumberOfProjects = 2
		SccLocalPath0 = .
		SccWebProject1 = true
		SccProjectUniqueName1 = .
		SccLocalPath1 = D:\\WorkShop_VSS\\PMS
		SccProjectEnlistmentChoice1 = 2
	EndGlobalSection
	GlobalSection(SolutionConfigurationPlatforms) = preSolution
		Debug|.NET = Debug|.NET
	EndGlobalSection
	GlobalSection(ProjectConfigurationPlatforms) = postSolution
		{0A7B84CF-6204-4456-ACF1-FC8B0786BBAF}.Debug|.NET.ActiveCfg = Debug|Any CPU
		{0A7B84CF-6204-4456-ACF1-FC8B0786BBAF}.Debug|.NET.Build.0 = Debug|Any CPU
	EndGlobalSection
	GlobalSection(SolutionProperties) = preSolution
		HideSolutionNode = FALSE
	EndGlobalSection
EndGlobal
